// !$*UTF8*$!
{
	archiveVersion = 1;
	classes = {
	};
	objectVersion = 56;
	objects = {

/* Begin PBXBuildFile section */
		D95B97662B0C4D9300137B90 /* Income.swift in Sources */ = {isa = PBXBuildFile; fileRef = D95B97652B0C4D9300137B90 /* Income.swift */; };
		D9CA42DB2B0B07E800B6009D /* Forever in Frameworks */ = {isa = PBXBuildFile; productRef = D9CA42DA2B0B07E800B6009D /* Forever */; };
		ED1D683E2B08546200FD825A /* Budget_BuddyApp.swift in Sources */ = {isa = PBXBuildFile; fileRef = ED1D683D2B08546200FD825A /* Budget_BuddyApp.swift */; };
		ED1D68402B08546200FD825A /* ContentView.swift in Sources */ = {isa = PBXBuildFile; fileRef = ED1D683F2B08546200FD825A /* ContentView.swift */; };
		ED1D68422B08546400FD825A /* Assets.xcassets in Resources */ = {isa = PBXBuildFile; fileRef = ED1D68412B08546400FD825A /* Assets.xcassets */; };
		ED1D68452B08546400FD825A /* Preview Assets.xcassets in Resources */ = {isa = PBXBuildFile; fileRef = ED1D68442B08546400FD825A /* Preview Assets.xcassets */; };
		ED1D684F2B08546500FD825A /* Budget_BuddyTests.swift in Sources */ = {isa = PBXBuildFile; fileRef = ED1D684E2B08546500FD825A /* Budget_BuddyTests.swift */; };
		ED1D68592B08546500FD825A /* Budget_BuddyUITests.swift in Sources */ = {isa = PBXBuildFile; fileRef = ED1D68582B08546500FD825A /* Budget_BuddyUITests.swift */; };
		ED1D685B2B08546500FD825A /* Budget_BuddyUITestsLaunchTests.swift in Sources */ = {isa = PBXBuildFile; fileRef = ED1D685A2B08546500FD825A /* Budget_BuddyUITestsLaunchTests.swift */; };
		ED1D68682B08549B00FD825A /* TitleView.swift in Sources */ = {isa = PBXBuildFile; fileRef = ED1D68672B08549B00FD825A /* TitleView.swift */; };
		ED1D686C2B08612C00FD825A /* LeafView.swift in Sources */ = {isa = PBXBuildFile; fileRef = ED1D686B2B08612C00FD825A /* LeafView.swift */; };
		ED9AFAF42B0A00B100CD38C3 /* BackgroundView.swift in Sources */ = {isa = PBXBuildFile; fileRef = ED9AFAF32B0A00B100CD38C3 /* BackgroundView.swift */; };
		EDCE06FC2B0DA3BF003B263D /* Goals.swift in Sources */ = {isa = PBXBuildFile; fileRef = EDCE06FB2B0DA3BF003B263D /* Goals.swift */; };
		EDCE07002B0DA3D3003B263D /* Spending.swift in Sources */ = {isa = PBXBuildFile; fileRef = EDCE06FF2B0DA3D3003B263D /* Spending.swift */; };
		EDCE07022B0DACF8003B263D /* JungleFever.ttf in Resources */ = {isa = PBXBuildFile; fileRef = EDCE07012B0DACF8003B263D /* JungleFever.ttf */; };
		EDCE07042B0DC2A4003B263D /* TrackingView.swift in Sources */ = {isa = PBXBuildFile; fileRef = EDCE07032B0DC2A4003B263D /* TrackingView.swift */; };
		EDCE07062B0DD049003B263D /* BarChartView.swift in Sources */ = {isa = PBXBuildFile; fileRef = EDCE07052B0DD049003B263D /* BarChartView.swift */; };
		EDCE07082B0DE305003B263D /* DayLog.swift in Sources */ = {isa = PBXBuildFile; fileRef = EDCE07072B0DE305003B263D /* DayLog.swift */; };
		EDCE070A2B0EF383003B263D /* IncomeView.swift in Sources */ = {isa = PBXBuildFile; fileRef = EDCE07092B0EF383003B263D /* IncomeView.swift */; };
		EDCE070C2B0EFBDB003B263D /* GoalsView.swift in Sources */ = {isa = PBXBuildFile; fileRef = EDCE070B2B0EFBDB003B263D /* GoalsView.swift */; };
		EDCE070E2B0F27BB003B263D /* Notifications.swift in Sources */ = {isa = PBXBuildFile; fileRef = EDCE070D2B0F27BB003B263D /* Notifications.swift */; };
		EDCE07102B0F40E9003B263D /* CRUDPanelsView.swift in Sources */ = {isa = PBXBuildFile; fileRef = EDCE070F2B0F40E9003B263D /* CRUDPanelsView.swift */; };
		EDCE07122B10437F003B263D /* CRUDModifySheet.swift in Sources */ = {isa = PBXBuildFile; fileRef = EDCE07112B10437E003B263D /* CRUDModifySheet.swift */; };
		EDCE07142B106BCC003B263D /* AniTypewriter.ttf in Resources */ = {isa = PBXBuildFile; fileRef = EDCE07132B106BCC003B263D /* AniTypewriter.ttf */; };
		EDCE07162B106BD6003B263D /* White Chalk.ttf in Resources */ = {isa = PBXBuildFile; fileRef = EDCE07152B106BD6003B263D /* White Chalk.ttf */; };
		EDF667552B0CA1B5001ABD3F /* Jurassic.ttf in Resources */ = {isa = PBXBuildFile; fileRef = EDF667542B0CA1B5001ABD3F /* Jurassic.ttf */; };
		EDF667572B0CA4EF001ABD3F /* ScreenView.swift in Sources */ = {isa = PBXBuildFile; fileRef = ED9AFB022B0B048F00CD38C3 /* ScreenView.swift */; };
		EDF6675B2B0CAC14001ABD3F /* Christmas School.otf in Resources */ = {isa = PBXBuildFile; fileRef = EDF6675A2B0CAC14001ABD3F /* Christmas School.otf */; };
		EDF667602B0CAD2E001ABD3F /* HomeScreenView.swift in Sources */ = {isa = PBXBuildFile; fileRef = ED9AFAF72B0AF60800CD38C3 /* HomeScreenView.swift */; };
		EDF667692B0CE9EA001ABD3F /* MainView.swift in Sources */ = {isa = PBXBuildFile; fileRef = EDF667582B0CA50F001ABD3F /* MainView.swift */; };
/* End PBXBuildFile section */

/* Begin PBXContainerItemProxy section */
		ED1D684B2B08546500FD825A /* PBXContainerItemProxy */ = {
			isa = PBXContainerItemProxy;
			containerPortal = ED1D68322B08546200FD825A /* Project object */;
			proxyType = 1;
			remoteGlobalIDString = ED1D68392B08546200FD825A;
			remoteInfo = "Budget Buddy";
		};
		ED1D68552B08546500FD825A /* PBXContainerItemProxy */ = {
			isa = PBXContainerItemProxy;
			containerPortal = ED1D68322B08546200FD825A /* Project object */;
			proxyType = 1;
			remoteGlobalIDString = ED1D68392B08546200FD825A;
			remoteInfo = "Budget Buddy";
		};
/* End PBXContainerItemProxy section */

/* Begin PBXFileReference section */
		D95B97652B0C4D9300137B90 /* Income.swift */ = {isa = PBXFileReference; lastKnownFileType = sourcecode.swift; name = Income.swift; path = ../Income/Income.swift; sourceTree = "<group>"; };
		ED1D683A2B08546200FD825A /* Budget Buddy.app */ = {isa = PBXFileReference; explicitFileType = wrapper.application; includeInIndex = 0; path = "Budget Buddy.app"; sourceTree = BUILT_PRODUCTS_DIR; };
		ED1D683D2B08546200FD825A /* Budget_BuddyApp.swift */ = {isa = PBXFileReference; lastKnownFileType = sourcecode.swift; path = Budget_BuddyApp.swift; sourceTree = "<group>"; };
		ED1D683F2B08546200FD825A /* ContentView.swift */ = {isa = PBXFileReference; lastKnownFileType = sourcecode.swift; path = ContentView.swift; sourceTree = "<group>"; };
		ED1D68412B08546400FD825A /* Assets.xcassets */ = {isa = PBXFileReference; lastKnownFileType = folder.assetcatalog; path = Assets.xcassets; sourceTree = "<group>"; };
		ED1D68442B08546400FD825A /* Preview Assets.xcassets */ = {isa = PBXFileReference; lastKnownFileType = folder.assetcatalog; path = "Preview Assets.xcassets"; sourceTree = "<group>"; };
		ED1D684A2B08546400FD825A /* Budget BuddyTests.xctest */ = {isa = PBXFileReference; explicitFileType = wrapper.cfbundle; includeInIndex = 0; path = "Budget BuddyTests.xctest"; sourceTree = BUILT_PRODUCTS_DIR; };
		ED1D684E2B08546500FD825A /* Budget_BuddyTests.swift */ = {isa = PBXFileReference; lastKnownFileType = sourcecode.swift; path = Budget_BuddyTests.swift; sourceTree = "<group>"; };
		ED1D68542B08546500FD825A /* Budget BuddyUITests.xctest */ = {isa = PBXFileReference; explicitFileType = wrapper.cfbundle; includeInIndex = 0; path = "Budget BuddyUITests.xctest"; sourceTree = BUILT_PRODUCTS_DIR; };
		ED1D68582B08546500FD825A /* Budget_BuddyUITests.swift */ = {isa = PBXFileReference; lastKnownFileType = sourcecode.swift; path = Budget_BuddyUITests.swift; sourceTree = "<group>"; };
		ED1D685A2B08546500FD825A /* Budget_BuddyUITestsLaunchTests.swift */ = {isa = PBXFileReference; lastKnownFileType = sourcecode.swift; path = Budget_BuddyUITestsLaunchTests.swift; sourceTree = "<group>"; };
		ED1D68672B08549B00FD825A /* TitleView.swift */ = {isa = PBXFileReference; lastKnownFileType = sourcecode.swift; path = TitleView.swift; sourceTree = "<group>"; };
		ED1D686B2B08612C00FD825A /* LeafView.swift */ = {isa = PBXFileReference; lastKnownFileType = sourcecode.swift; path = LeafView.swift; sourceTree = "<group>"; };
		ED9AFAF32B0A00B100CD38C3 /* BackgroundView.swift */ = {isa = PBXFileReference; lastKnownFileType = sourcecode.swift; path = BackgroundView.swift; sourceTree = "<group>"; };
		ED9AFAF72B0AF60800CD38C3 /* HomeScreenView.swift */ = {isa = PBXFileReference; lastKnownFileType = sourcecode.swift; path = HomeScreenView.swift; sourceTree = "<group>"; usesTabs = 0; };
		ED9AFB022B0B048F00CD38C3 /* ScreenView.swift */ = {isa = PBXFileReference; lastKnownFileType = sourcecode.swift; path = ScreenView.swift; sourceTree = "<group>"; };
		EDCE06FB2B0DA3BF003B263D /* Goals.swift */ = {isa = PBXFileReference; lastKnownFileType = sourcecode.swift; path = Goals.swift; sourceTree = "<group>"; };
		EDCE06FF2B0DA3D3003B263D /* Spending.swift */ = {isa = PBXFileReference; lastKnownFileType = sourcecode.swift; path = Spending.swift; sourceTree = "<group>"; };
		EDCE07012B0DACF8003B263D /* JungleFever.ttf */ = {isa = PBXFileReference; lastKnownFileType = file; name = JungleFever.ttf; path = ../JungleFever.ttf; sourceTree = "<group>"; };
		EDCE07032B0DC2A4003B263D /* TrackingView.swift */ = {isa = PBXFileReference; lastKnownFileType = sourcecode.swift; path = TrackingView.swift; sourceTree = "<group>"; };
		EDCE07052B0DD049003B263D /* BarChartView.swift */ = {isa = PBXFileReference; lastKnownFileType = sourcecode.swift; path = BarChartView.swift; sourceTree = "<group>"; };
		EDCE07072B0DE305003B263D /* DayLog.swift */ = {isa = PBXFileReference; lastKnownFileType = sourcecode.swift; path = DayLog.swift; sourceTree = "<group>"; };
		EDCE07092B0EF383003B263D /* IncomeView.swift */ = {isa = PBXFileReference; lastKnownFileType = sourcecode.swift; path = IncomeView.swift; sourceTree = "<group>"; };
		EDCE070B2B0EFBDB003B263D /* GoalsView.swift */ = {isa = PBXFileReference; lastKnownFileType = sourcecode.swift; path = GoalsView.swift; sourceTree = "<group>"; };
		EDCE070D2B0F27BB003B263D /* Notifications.swift */ = {isa = PBXFileReference; lastKnownFileType = sourcecode.swift; path = Notifications.swift; sourceTree = "<group>"; };
		EDCE070F2B0F40E9003B263D /* CRUDPanelsView.swift */ = {isa = PBXFileReference; lastKnownFileType = sourcecode.swift; path = CRUDPanelsView.swift; sourceTree = "<group>"; };
		EDCE07112B10437E003B263D /* CRUDModifySheet.swift */ = {isa = PBXFileReference; lastKnownFileType = sourcecode.swift; path = CRUDModifySheet.swift; sourceTree = "<group>"; };
		EDCE07132B106BCC003B263D /* AniTypewriter.ttf */ = {isa = PBXFileReference; lastKnownFileType = file; path = AniTypewriter.ttf; sourceTree = "<group>"; };
		EDCE07152B106BD6003B263D /* White Chalk.ttf */ = {isa = PBXFileReference; lastKnownFileType = file; path = "White Chalk.ttf"; sourceTree = "<group>"; };
		EDF667542B0CA1B5001ABD3F /* Jurassic.ttf */ = {isa = PBXFileReference; lastKnownFileType = file; name = Jurassic.ttf; path = ../Jurassic.ttf; sourceTree = "<group>"; };
		EDF667582B0CA50F001ABD3F /* MainView.swift */ = {isa = PBXFileReference; lastKnownFileType = sourcecode.swift; path = MainView.swift; sourceTree = "<group>"; };
		EDF6675A2B0CAC14001ABD3F /* Christmas School.otf */ = {isa = PBXFileReference; lastKnownFileType = file; path = "Christmas School.otf"; sourceTree = "<group>"; };
/* End PBXFileReference section */

/* Begin PBXFrameworksBuildPhase section */
		ED1D68372B08546200FD825A /* Frameworks */ = {
			isa = PBXFrameworksBuildPhase;
			buildActionMask = 2147483647;
			files = (
				D9CA42DB2B0B07E800B6009D /* Forever in Frameworks */,
			);
			runOnlyForDeploymentPostprocessing = 0;
		};
		ED1D68472B08546400FD825A /* Frameworks */ = {
			isa = PBXFrameworksBuildPhase;
			buildActionMask = 2147483647;
			files = (
			);
			runOnlyForDeploymentPostprocessing = 0;
		};
		ED1D68512B08546500FD825A /* Frameworks */ = {
			isa = PBXFrameworksBuildPhase;
			buildActionMask = 2147483647;
			files = (
			);
			runOnlyForDeploymentPostprocessing = 0;
		};
/* End PBXFrameworksBuildPhase section */

/* Begin PBXGroup section */
		ED1D68312B08546200FD825A = {
			isa = PBXGroup;
			children = (
				ED1D683C2B08546200FD825A /* Budget Buddy */,
				ED1D684D2B08546500FD825A /* Budget BuddyTests */,
				ED1D68572B08546500FD825A /* Budget BuddyUITests */,
				ED1D683B2B08546200FD825A /* Products */,
			);
			sourceTree = "<group>";
		};
		ED1D683B2B08546200FD825A /* Products */ = {
			isa = PBXGroup;
			children = (
				ED1D683A2B08546200FD825A /* Budget Buddy.app */,
				ED1D684A2B08546400FD825A /* Budget BuddyTests.xctest */,
				ED1D68542B08546500FD825A /* Budget BuddyUITests.xctest */,
			);
			name = Products;
			sourceTree = "<group>";
		};
		ED1D683C2B08546200FD825A /* Budget Buddy */ = {
			isa = PBXGroup;
			children = (
				ED1D683D2B08546200FD825A /* Budget_BuddyApp.swift */,
				ED1D683F2B08546200FD825A /* ContentView.swift */,
				EDF667582B0CA50F001ABD3F /* MainView.swift */,
				ED9AFAF72B0AF60800CD38C3 /* HomeScreenView.swift */,
				EDCE07032B0DC2A4003B263D /* TrackingView.swift */,
				EDCE07092B0EF383003B263D /* IncomeView.swift */,
				EDCE070B2B0EFBDB003B263D /* GoalsView.swift */,
				EDCE070D2B0F27BB003B263D /* Notifications.swift */,
				EDCE06FA2B0DA37E003B263D /* Structs */,
				EDCE07052B0DD049003B263D /* BarChartView.swift */,
				ED1D68672B08549B00FD825A /* TitleView.swift */,
				ED9AFAF32B0A00B100CD38C3 /* BackgroundView.swift */,
				EDCE070F2B0F40E9003B263D /* CRUDPanelsView.swift */,
				EDCE07112B10437E003B263D /* CRUDModifySheet.swift */,
				ED9AFB022B0B048F00CD38C3 /* ScreenView.swift */,
				ED1D686B2B08612C00FD825A /* LeafView.swift */,
				ED1D68412B08546400FD825A /* Assets.xcassets */,
				EDCE07152B106BD6003B263D /* White Chalk.ttf */,
				EDCE07132B106BCC003B263D /* AniTypewriter.ttf */,
				EDF667542B0CA1B5001ABD3F /* Jurassic.ttf */,
				EDCE07012B0DACF8003B263D /* JungleFever.ttf */,
				EDF6675A2B0CAC14001ABD3F /* Christmas School.otf */,
				ED1D68432B08546400FD825A /* Preview Content */,
			);
			path = "Budget Buddy";
			sourceTree = "<group>";
		};
		ED1D68432B08546400FD825A /* Preview Content */ = {
			isa = PBXGroup;
			children = (
				ED1D68442B08546400FD825A /* Preview Assets.xcassets */,
			);
			path = "Preview Content";
			sourceTree = "<group>";
		};
		ED1D684D2B08546500FD825A /* Budget BuddyTests */ = {
			isa = PBXGroup;
			children = (
				ED1D684E2B08546500FD825A /* Budget_BuddyTests.swift */,
			);
			path = "Budget BuddyTests";
			sourceTree = "<group>";
		};
		ED1D68572B08546500FD825A /* Budget BuddyUITests */ = {
			isa = PBXGroup;
			children = (
				ED1D68582B08546500FD825A /* Budget_BuddyUITests.swift */,
				ED1D685A2B08546500FD825A /* Budget_BuddyUITestsLaunchTests.swift */,
			);
			path = "Budget BuddyUITests";
			sourceTree = "<group>";
		};
		EDCE06FA2B0DA37E003B263D /* Structs */ = {
			isa = PBXGroup;
			children = (
				EDCE06FB2B0DA3BF003B263D /* Goals.swift */,
				D95B97652B0C4D9300137B90 /* Income.swift */,
				EDCE06FF2B0DA3D3003B263D /* Spending.swift */,
				EDCE07072B0DE305003B263D /* DayLog.swift */,
			);
			path = Structs;
			sourceTree = "<group>";
		};
/* End PBXGroup section */

/* Begin PBXNativeTarget section */
		ED1D68392B08546200FD825A /* Budget Buddy */ = {
			isa = PBXNativeTarget;
			buildConfigurationList = ED1D685E2B08546500FD825A /* Build configuration list for PBXNativeTarget "Budget Buddy" */;
			buildPhases = (
				ED1D68362B08546200FD825A /* Sources */,
				ED1D68372B08546200FD825A /* Frameworks */,
				ED1D68382B08546200FD825A /* Resources */,
			);
			buildRules = (
			);
			dependencies = (
			);
			name = "Budget Buddy";
			packageProductDependencies = (
				D9CA42DA2B0B07E800B6009D /* Forever */,
			);
			productName = "Budget Buddy";
			productReference = ED1D683A2B08546200FD825A /* Budget Buddy.app */;
			productType = "com.apple.product-type.application";
		};
		ED1D68492B08546400FD825A /* Budget BuddyTests */ = {
			isa = PBXNativeTarget;
			buildConfigurationList = ED1D68612B08546500FD825A /* Build configuration list for PBXNativeTarget "Budget BuddyTests" */;
			buildPhases = (
				ED1D68462B08546400FD825A /* Sources */,
				ED1D68472B08546400FD825A /* Frameworks */,
				ED1D68482B08546400FD825A /* Resources */,
			);
			buildRules = (
			);
			dependencies = (
				ED1D684C2B08546500FD825A /* PBXTargetDependency */,
			);
			name = "Budget BuddyTests";
			productName = "Budget BuddyTests";
			productReference = ED1D684A2B08546400FD825A /* Budget BuddyTests.xctest */;
			productType = "com.apple.product-type.bundle.unit-test";
		};
		ED1D68532B08546500FD825A /* Budget BuddyUITests */ = {
			isa = PBXNativeTarget;
			buildConfigurationList = ED1D68642B08546500FD825A /* Build configuration list for PBXNativeTarget "Budget BuddyUITests" */;
			buildPhases = (
				ED1D68502B08546500FD825A /* Sources */,
				ED1D68512B08546500FD825A /* Frameworks */,
				ED1D68522B08546500FD825A /* Resources */,
			);
			buildRules = (
			);
			dependencies = (
				ED1D68562B08546500FD825A /* PBXTargetDependency */,
			);
			name = "Budget BuddyUITests";
			productName = "Budget BuddyUITests";
			productReference = ED1D68542B08546500FD825A /* Budget BuddyUITests.xctest */;
			productType = "com.apple.product-type.bundle.ui-testing";
		};
/* End PBXNativeTarget section */

/* Begin PBXProject section */
		ED1D68322B08546200FD825A /* Project object */ = {
			isa = PBXProject;
			attributes = {
				BuildIndependentTargetsInParallel = 1;
				LastSwiftUpdateCheck = 1430;
				LastUpgradeCheck = 1430;
				TargetAttributes = {
					ED1D68392B08546200FD825A = {
						CreatedOnToolsVersion = 14.3.1;
					};
					ED1D68492B08546400FD825A = {
						CreatedOnToolsVersion = 14.3.1;
						TestTargetID = ED1D68392B08546200FD825A;
					};
					ED1D68532B08546500FD825A = {
						CreatedOnToolsVersion = 14.3.1;
						TestTargetID = ED1D68392B08546200FD825A;
					};
				};
			};
			buildConfigurationList = ED1D68352B08546200FD825A /* Build configuration list for PBXProject "Budget Buddy" */;
			compatibilityVersion = "Xcode 14.0";
			developmentRegion = en;
			hasScannedForEncodings = 0;
			knownRegions = (
				en,
				Base,
			);
			mainGroup = ED1D68312B08546200FD825A;
			packageReferences = (
				D9CA42D92B0B07E800B6009D /* XCRemoteSwiftPackageReference "forever" */,
			);
			productRefGroup = ED1D683B2B08546200FD825A /* Products */;
			projectDirPath = "";
			projectRoot = "";
			targets = (
				ED1D68392B08546200FD825A /* Budget Buddy */,
				ED1D68492B08546400FD825A /* Budget BuddyTests */,
				ED1D68532B08546500FD825A /* Budget BuddyUITests */,
			);
		};
/* End PBXProject section */

/* Begin PBXResourcesBuildPhase section */
		ED1D68382B08546200FD825A /* Resources */ = {
			isa = PBXResourcesBuildPhase;
			buildActionMask = 2147483647;
			files = (
				ED1D68452B08546400FD825A /* Preview Assets.xcassets in Resources */,
				EDF6675B2B0CAC14001ABD3F /* Christmas School.otf in Resources */,
				EDCE07142B106BCC003B263D /* AniTypewriter.ttf in Resources */,
				ED1D68422B08546400FD825A /* Assets.xcassets in Resources */,
				EDCE07022B0DACF8003B263D /* JungleFever.ttf in Resources */,
				EDF667552B0CA1B5001ABD3F /* Jurassic.ttf in Resources */,
				EDCE07162B106BD6003B263D /* White Chalk.ttf in Resources */,
			);
			runOnlyForDeploymentPostprocessing = 0;
		};
		ED1D68482B08546400FD825A /* Resources */ = {
			isa = PBXResourcesBuildPhase;
			buildActionMask = 2147483647;
			files = (
			);
			runOnlyForDeploymentPostprocessing = 0;
		};
		ED1D68522B08546500FD825A /* Resources */ = {
			isa = PBXResourcesBuildPhase;
			buildActionMask = 2147483647;
			files = (
			);
			runOnlyForDeploymentPostprocessing = 0;
		};
/* End PBXResourcesBuildPhase section */

/* Begin PBXSourcesBuildPhase section */
		ED1D68362B08546200FD825A /* Sources */ = {
			isa = PBXSourcesBuildPhase;
			buildActionMask = 2147483647;
			files = (
				EDCE070A2B0EF383003B263D /* IncomeView.swift in Sources */,
				D95B97662B0C4D9300137B90 /* Income.swift in Sources */,
				ED9AFAF42B0A00B100CD38C3 /* BackgroundView.swift in Sources */,
				EDCE07122B10437F003B263D /* CRUDModifySheet.swift in Sources */,
				EDCE07042B0DC2A4003B263D /* TrackingView.swift in Sources */,
				EDCE07102B0F40E9003B263D /* CRUDPanelsView.swift in Sources */,
				EDF667572B0CA4EF001ABD3F /* ScreenView.swift in Sources */,
				EDF667692B0CE9EA001ABD3F /* MainView.swift in Sources */,
				ED1D686C2B08612C00FD825A /* LeafView.swift in Sources */,
				EDCE07082B0DE305003B263D /* DayLog.swift in Sources */,
				EDF667602B0CAD2E001ABD3F /* HomeScreenView.swift in Sources */,
				ED1D68402B08546200FD825A /* ContentView.swift in Sources */,
				EDCE070C2B0EFBDB003B263D /* GoalsView.swift in Sources */,
				ED1D683E2B08546200FD825A /* Budget_BuddyApp.swift in Sources */,
				EDCE07002B0DA3D3003B263D /* Spending.swift in Sources */,
				EDCE06FC2B0DA3BF003B263D /* Goals.swift in Sources */,
				EDCE07062B0DD049003B263D /* BarChartView.swift in Sources */,
				EDCE070E2B0F27BB003B263D /* Notifications.swift in Sources */,
				ED1D68682B08549B00FD825A /* TitleView.swift in Sources */,
			);
			runOnlyForDeploymentPostprocessing = 0;
		};
		ED1D68462B08546400FD825A /* Sources */ = {
			isa = PBXSourcesBuildPhase;
			buildActionMask = 2147483647;
			files = (
				ED1D684F2B08546500FD825A /* Budget_BuddyTests.swift in Sources */,
			);
			runOnlyForDeploymentPostprocessing = 0;
		};
		ED1D68502B08546500FD825A /* Sources */ = {
			isa = PBXSourcesBuildPhase;
			buildActionMask = 2147483647;
			files = (
				ED1D685B2B08546500FD825A /* Budget_BuddyUITestsLaunchTests.swift in Sources */,
				ED1D68592B08546500FD825A /* Budget_BuddyUITests.swift in Sources */,
			);
			runOnlyForDeploymentPostprocessing = 0;
		};
/* End PBXSourcesBuildPhase section */

/* Begin PBXTargetDependency section */
		ED1D684C2B08546500FD825A /* PBXTargetDependency */ = {
			isa = PBXTargetDependency;
			target = ED1D68392B08546200FD825A /* Budget Buddy */;
			targetProxy = ED1D684B2B08546500FD825A /* PBXContainerItemProxy */;
		};
		ED1D68562B08546500FD825A /* PBXTargetDependency */ = {
			isa = PBXTargetDependency;
			target = ED1D68392B08546200FD825A /* Budget Buddy */;
			targetProxy = ED1D68552B08546500FD825A /* PBXContainerItemProxy */;
		};
/* End PBXTargetDependency section */

/* Begin XCBuildConfiguration section */
		ED1D685C2B08546500FD825A /* Debug */ = {
			isa = XCBuildConfiguration;
			buildSettings = {
				ALWAYS_SEARCH_USER_PATHS = NO;
				CLANG_ANALYZER_NONNULL = YES;
				CLANG_ANALYZER_NUMBER_OBJECT_CONVERSION = YES_AGGRESSIVE;
				CLANG_CXX_LANGUAGE_STANDARD = "gnu++20";
				CLANG_ENABLE_MODULES = YES;
				CLANG_ENABLE_OBJC_ARC = YES;
				CLANG_ENABLE_OBJC_WEAK = YES;
				CLANG_WARN_BLOCK_CAPTURE_AUTORELEASING = YES;
				CLANG_WARN_BOOL_CONVERSION = YES;
				CLANG_WARN_COMMA = YES;
				CLANG_WARN_CONSTANT_CONVERSION = YES;
				CLANG_WARN_DEPRECATED_OBJC_IMPLEMENTATIONS = YES;
				CLANG_WARN_DIRECT_OBJC_ISA_USAGE = YES_ERROR;
				CLANG_WARN_DOCUMENTATION_COMMENTS = YES;
				CLANG_WARN_EMPTY_BODY = YES;
				CLANG_WARN_ENUM_CONVERSION = YES;
				CLANG_WARN_INFINITE_RECURSION = YES;
				CLANG_WARN_INT_CONVERSION = YES;
				CLANG_WARN_NON_LITERAL_NULL_CONVERSION = YES;
				CLANG_WARN_OBJC_IMPLICIT_RETAIN_SELF = YES;
				CLANG_WARN_OBJC_LITERAL_CONVERSION = YES;
				CLANG_WARN_OBJC_ROOT_CLASS = YES_ERROR;
				CLANG_WARN_QUOTED_INCLUDE_IN_FRAMEWORK_HEADER = YES;
				CLANG_WARN_RANGE_LOOP_ANALYSIS = YES;
				CLANG_WARN_STRICT_PROTOTYPES = YES;
				CLANG_WARN_SUSPICIOUS_MOVE = YES;
				CLANG_WARN_UNGUARDED_AVAILABILITY = YES_AGGRESSIVE;
				CLANG_WARN_UNREACHABLE_CODE = YES;
				CLANG_WARN__DUPLICATE_METHOD_MATCH = YES;
				COPY_PHASE_STRIP = NO;
				DEBUG_INFORMATION_FORMAT = dwarf;
				ENABLE_STRICT_OBJC_MSGSEND = YES;
				ENABLE_TESTABILITY = YES;
				GCC_C_LANGUAGE_STANDARD = gnu11;
				GCC_DYNAMIC_NO_PIC = NO;
				GCC_NO_COMMON_BLOCKS = YES;
				GCC_OPTIMIZATION_LEVEL = 0;
				GCC_PREPROCESSOR_DEFINITIONS = (
					"DEBUG=1",
					"$(inherited)",
				);
				GCC_WARN_64_TO_32_BIT_CONVERSION = YES;
				GCC_WARN_ABOUT_RETURN_TYPE = YES_ERROR;
				GCC_WARN_UNDECLARED_SELECTOR = YES;
				GCC_WARN_UNINITIALIZED_AUTOS = YES_AGGRESSIVE;
				GCC_WARN_UNUSED_FUNCTION = YES;
				GCC_WARN_UNUSED_VARIABLE = YES;
				IPHONEOS_DEPLOYMENT_TARGET = 16.4;
				MTL_ENABLE_DEBUG_INFO = INCLUDE_SOURCE;
				MTL_FAST_MATH = YES;
				ONLY_ACTIVE_ARCH = YES;
				SDKROOT = iphoneos;
				SWIFT_ACTIVE_COMPILATION_CONDITIONS = DEBUG;
				SWIFT_OPTIMIZATION_LEVEL = "-Onone";
			};
			name = Debug;
		};
		ED1D685D2B08546500FD825A /* Release */ = {
			isa = XCBuildConfiguration;
			buildSettings = {
				ALWAYS_SEARCH_USER_PATHS = NO;
				CLANG_ANALYZER_NONNULL = YES;
				CLANG_ANALYZER_NUMBER_OBJECT_CONVERSION = YES_AGGRESSIVE;
				CLANG_CXX_LANGUAGE_STANDARD = "gnu++20";
				CLANG_ENABLE_MODULES = YES;
				CLANG_ENABLE_OBJC_ARC = YES;
				CLANG_ENABLE_OBJC_WEAK = YES;
				CLANG_WARN_BLOCK_CAPTURE_AUTORELEASING = YES;
				CLANG_WARN_BOOL_CONVERSION = YES;
				CLANG_WARN_COMMA = YES;
				CLANG_WARN_CONSTANT_CONVERSION = YES;
				CLANG_WARN_DEPRECATED_OBJC_IMPLEMENTATIONS = YES;
				CLANG_WARN_DIRECT_OBJC_ISA_USAGE = YES_ERROR;
				CLANG_WARN_DOCUMENTATION_COMMENTS = YES;
				CLANG_WARN_EMPTY_BODY = YES;
				CLANG_WARN_ENUM_CONVERSION = YES;
				CLANG_WARN_INFINITE_RECURSION = YES;
				CLANG_WARN_INT_CONVERSION = YES;
				CLANG_WARN_NON_LITERAL_NULL_CONVERSION = YES;
				CLANG_WARN_OBJC_IMPLICIT_RETAIN_SELF = YES;
				CLANG_WARN_OBJC_LITERAL_CONVERSION = YES;
				CLANG_WARN_OBJC_ROOT_CLASS = YES_ERROR;
				CLANG_WARN_QUOTED_INCLUDE_IN_FRAMEWORK_HEADER = YES;
				CLANG_WARN_RANGE_LOOP_ANALYSIS = YES;
				CLANG_WARN_STRICT_PROTOTYPES = YES;
				CLANG_WARN_SUSPICIOUS_MOVE = YES;
				CLANG_WARN_UNGUARDED_AVAILABILITY = YES_AGGRESSIVE;
				CLANG_WARN_UNREACHABLE_CODE = YES;
				CLANG_WARN__DUPLICATE_METHOD_MATCH = YES;
				COPY_PHASE_STRIP = NO;
				DEBUG_INFORMATION_FORMAT = "dwarf-with-dsym";
				ENABLE_NS_ASSERTIONS = NO;
				ENABLE_STRICT_OBJC_MSGSEND = YES;
				GCC_C_LANGUAGE_STANDARD = gnu11;
				GCC_NO_COMMON_BLOCKS = YES;
				GCC_WARN_64_TO_32_BIT_CONVERSION = YES;
				GCC_WARN_ABOUT_RETURN_TYPE = YES_ERROR;
				GCC_WARN_UNDECLARED_SELECTOR = YES;
				GCC_WARN_UNINITIALIZED_AUTOS = YES_AGGRESSIVE;
				GCC_WARN_UNUSED_FUNCTION = YES;
				GCC_WARN_UNUSED_VARIABLE = YES;
				IPHONEOS_DEPLOYMENT_TARGET = 16.4;
				MTL_ENABLE_DEBUG_INFO = NO;
				MTL_FAST_MATH = YES;
				SDKROOT = iphoneos;
				SWIFT_COMPILATION_MODE = wholemodule;
				SWIFT_OPTIMIZATION_LEVEL = "-O";
				VALIDATE_PRODUCT = YES;
			};
			name = Release;
		};
		ED1D685F2B08546500FD825A /* Debug */ = {
			isa = XCBuildConfiguration;
			buildSettings = {
				ASSETCATALOG_COMPILER_APPICON_NAME = AppIcon;
				ASSETCATALOG_COMPILER_GLOBAL_ACCENT_COLOR_NAME = AccentColor;
				CODE_SIGN_STYLE = Automatic;
				CURRENT_PROJECT_VERSION = 1;
				DEVELOPMENT_ASSET_PATHS = "\"Budget Buddy/Preview Content\"";
				ENABLE_PREVIEWS = YES;
				GENERATE_INFOPLIST_FILE = YES;
				INFOPLIST_FILE = "Budget-Buddy-Info.plist";
				INFOPLIST_KEY_UIApplicationSceneManifest_Generation = YES;
				INFOPLIST_KEY_UIApplicationSupportsIndirectInputEvents = YES;
				INFOPLIST_KEY_UILaunchScreen_Generation = YES;
				INFOPLIST_KEY_UISupportedInterfaceOrientations_iPad = "UIInterfaceOrientationPortrait UIInterfaceOrientationPortraitUpsideDown UIInterfaceOrientationLandscapeLeft UIInterfaceOrientationLandscapeRight";
				INFOPLIST_KEY_UISupportedInterfaceOrientations_iPhone = "UIInterfaceOrientationPortrait UIInterfaceOrientationLandscapeLeft UIInterfaceOrientationLandscapeRight";
				IPHONEOS_DEPLOYMENT_TARGET = 16.2;
				LD_RUNPATH_SEARCH_PATHS = (
					"$(inherited)",
					"@executable_path/Frameworks",
				);
				MARKETING_VERSION = 1.0;
				PRODUCT_BUNDLE_IDENTIFIER = "Swift.Budget-Buddy";
				PRODUCT_NAME = "$(TARGET_NAME)";
				SWIFT_EMIT_LOC_STRINGS = YES;
				SWIFT_VERSION = 5.0;
				TARGETED_DEVICE_FAMILY = "1,2";
			};
			name = Debug;
		};
		ED1D68602B08546500FD825A /* Release */ = {
			isa = XCBuildConfiguration;
			buildSettings = {
				ASSETCATALOG_COMPILER_APPICON_NAME = AppIcon;
				ASSETCATALOG_COMPILER_GLOBAL_ACCENT_COLOR_NAME = AccentColor;
				CODE_SIGN_STYLE = Automatic;
				CURRENT_PROJECT_VERSION = 1;
				DEVELOPMENT_ASSET_PATHS = "\"Budget Buddy/Preview Content\"";
				ENABLE_PREVIEWS = YES;
				GENERATE_INFOPLIST_FILE = YES;
				INFOPLIST_FILE = "Budget-Buddy-Info.plist";
				INFOPLIST_KEY_UIApplicationSceneManifest_Generation = YES;
				INFOPLIST_KEY_UIApplicationSupportsIndirectInputEvents = YES;
				INFOPLIST_KEY_UILaunchScreen_Generation = YES;
				INFOPLIST_KEY_UISupportedInterfaceOrientations_iPad = "UIInterfaceOrientationPortrait UIInterfaceOrientationPortraitUpsideDown UIInterfaceOrientationLandscapeLeft UIInterfaceOrientationLandscapeRight";
				INFOPLIST_KEY_UISupportedInterfaceOrientations_iPhone = "UIInterfaceOrientationPortrait UIInterfaceOrientationLandscapeLeft UIInterfaceOrientationLandscapeRight";
				IPHONEOS_DEPLOYMENT_TARGET = 16.2;
				LD_RUNPATH_SEARCH_PATHS = (
					"$(inherited)",
					"@executable_path/Frameworks",
				);
				MARKETING_VERSION = 1.0;
				PRODUCT_BUNDLE_IDENTIFIER = "Swift.Budget-Buddy";
				PRODUCT_NAME = "$(TARGET_NAME)";
				SWIFT_EMIT_LOC_STRINGS = YES;
				SWIFT_VERSION = 5.0;
				TARGETED_DEVICE_FAMILY = "1,2";
			};
			name = Release;
		};
		ED1D68622B08546500FD825A /* Debug */ = {
			isa = XCBuildConfiguration;
			buildSettings = {
				ALWAYS_EMBED_SWIFT_STANDARD_LIBRARIES = YES;
				BUNDLE_LOADER = "$(TEST_HOST)";
				CODE_SIGN_STYLE = Automatic;
				CURRENT_PROJECT_VERSION = 1;
				GENERATE_INFOPLIST_FILE = YES;
				IPHONEOS_DEPLOYMENT_TARGET = 16.4;
				MARKETING_VERSION = 1.0;
				PRODUCT_BUNDLE_IDENTIFIER = "Swift.Budget-BuddyTests";
				PRODUCT_NAME = "$(TARGET_NAME)";
				SWIFT_EMIT_LOC_STRINGS = NO;
				SWIFT_VERSION = 5.0;
				TARGETED_DEVICE_FAMILY = "1,2";
				TEST_HOST = "$(BUILT_PRODUCTS_DIR)/Budget Buddy.app/$(BUNDLE_EXECUTABLE_FOLDER_PATH)/Budget Buddy";
			};
			name = Debug;
		};
		ED1D68632B08546500FD825A /* Release */ = {
			isa = XCBuildConfiguration;
			buildSettings = {
				ALWAYS_EMBED_SWIFT_STANDARD_LIBRARIES = YES;
				BUNDLE_LOADER = "$(TEST_HOST)";
				CODE_SIGN_STYLE = Automatic;
				CURRENT_PROJECT_VERSION = 1;
				GENERATE_INFOPLIST_FILE = YES;
				IPHONEOS_DEPLOYMENT_TARGET = 16.4;
				MARKETING_VERSION = 1.0;
				PRODUCT_BUNDLE_IDENTIFIER = "Swift.Budget-BuddyTests";
				PRODUCT_NAME = "$(TARGET_NAME)";
				SWIFT_EMIT_LOC_STRINGS = NO;
				SWIFT_VERSION = 5.0;
				TARGETED_DEVICE_FAMILY = "1,2";
				TEST_HOST = "$(BUILT_PRODUCTS_DIR)/Budget Buddy.app/$(BUNDLE_EXECUTABLE_FOLDER_PATH)/Budget Buddy";
			};
			name = Release;
		};
		ED1D68652B08546500FD825A /* Debug */ = {
			isa = XCBuildConfiguration;
			buildSettings = {
				ALWAYS_EMBED_SWIFT_STANDARD_LIBRARIES = YES;
				CODE_SIGN_STYLE = Automatic;
				CURRENT_PROJECT_VERSION = 1;
				GENERATE_INFOPLIST_FILE = YES;
				MARKETING_VERSION = 1.0;
				PRODUCT_BUNDLE_IDENTIFIER = "Swift.Budget-BuddyUITests";
				PRODUCT_NAME = "$(TARGET_NAME)";
				SWIFT_EMIT_LOC_STRINGS = NO;
				SWIFT_VERSION = 5.0;
				TARGETED_DEVICE_FAMILY = "1,2";
				TEST_TARGET_NAME = "Budget Buddy";
			};
			name = Debug;
		};
		ED1D68662B08546500FD825A /* Release */ = {
			isa = XCBuildConfiguration;
			buildSettings = {
				ALWAYS_EMBED_SWIFT_STANDARD_LIBRARIES = YES;
				CODE_SIGN_STYLE = Automatic;
				CURRENT_PROJECT_VERSION = 1;
				GENERATE_INFOPLIST_FILE = YES;
				MARKETING_VERSION = 1.0;
				PRODUCT_BUNDLE_IDENTIFIER = "Swift.Budget-BuddyUITests";
				PRODUCT_NAME = "$(TARGET_NAME)";
				SWIFT_EMIT_LOC_STRINGS = NO;
				SWIFT_VERSION = 5.0;
				TARGETED_DEVICE_FAMILY = "1,2";
				TEST_TARGET_NAME = "Budget Buddy";
			};
			name = Release;
		};
/* End XCBuildConfiguration section */

/* Begin XCConfigurationList section */
		ED1D68352B08546200FD825A /* Build configuration list for PBXProject "Budget Buddy" */ = {
			isa = XCConfigurationList;
			buildConfigurations = (
				ED1D685C2B08546500FD825A /* Debug */,
				ED1D685D2B08546500FD825A /* Release */,
			);
			defaultConfigurationIsVisible = 0;
			defaultConfigurationName = Release;
		};
		ED1D685E2B08546500FD825A /* Build configuration list for PBXNativeTarget "Budget Buddy" */ = {
			isa = XCConfigurationList;
			buildConfigurations = (
				ED1D685F2B08546500FD825A /* Debug */,
				ED1D68602B08546500FD825A /* Release */,
			);
			defaultConfigurationIsVisible = 0;
			defaultConfigurationName = Release;
		};
		ED1D68612B08546500FD825A /* Build configuration list for PBXNativeTarget "Budget BuddyTests" */ = {
			isa = XCConfigurationList;
			buildConfigurations = (
				ED1D68622B08546500FD825A /* Debug */,
				ED1D68632B08546500FD825A /* Release */,
			);
			defaultConfigurationIsVisible = 0;
			defaultConfigurationName = Release;
		};
		ED1D68642B08546500FD825A /* Build configuration list for PBXNativeTarget "Budget BuddyUITests" */ = {
			isa = XCConfigurationList;
			buildConfigurations = (
				ED1D68652B08546500FD825A /* Debug */,
				ED1D68662B08546500FD825A /* Release */,
			);
			defaultConfigurationIsVisible = 0;
			defaultConfigurationName = Release;
		};
/* End XCConfigurationList section */

/* Begin XCRemoteSwiftPackageReference section */
		D9CA42D92B0B07E800B6009D /* XCRemoteSwiftPackageReference "forever" */ = {
			isa = XCRemoteSwiftPackageReference;
			repositoryURL = "https://github.com/jiachenyee/forever";
			requirement = {
				kind = upToNextMajorVersion;
				minimumVersion = 1.0.0;
			};
		};
/* End XCRemoteSwiftPackageReference section */

/* Begin XCSwiftPackageProductDependency section */
		D9CA42DA2B0B07E800B6009D /* Forever */ = {
			isa = XCSwiftPackageProductDependency;
			package = D9CA42D92B0B07E800B6009D /* XCRemoteSwiftPackageReference "forever" */;
			productName = Forever;
		};
/* End XCSwiftPackageProductDependency section */
	};
	rootObject = ED1D68322B08546200FD825A /* Project object */;
}
